// !$*UTF8*$!
{
	archiveVersion = 1;
	classes = {
	};
	objectVersion = 46;
	objects = {

/* Begin PBXBuildFile section */
		4F8F464E1C8B6EB100AA0B21 /* main.m in Sources */ = {isa = PBXBuildFile; fileRef = 4F8F464D1C8B6EB100AA0B21 /* main.m */; };
		4F8F46511C8B6EB100AA0B21 /* AppDelegate.m in Sources */ = {isa = PBXBuildFile; fileRef = 4F8F46501C8B6EB100AA0B21 /* AppDelegate.m */; };
		4F8F46541C8B6EB100AA0B21 /* ViewController.m in Sources */ = {isa = PBXBuildFile; fileRef = 4F8F46531C8B6EB100AA0B21 /* ViewController.m */; };
		4F8F46571C8B6EB100AA0B21 /* Main.storyboard in Resources */ = {isa = PBXBuildFile; fileRef = 4F8F46551C8B6EB100AA0B21 /* Main.storyboard */; };
		4F8F46591C8B6EB100AA0B21 /* Assets.xcassets in Resources */ = {isa = PBXBuildFile; fileRef = 4F8F46581C8B6EB100AA0B21 /* Assets.xcassets */; };
		4F8F465C1C8B6EB100AA0B21 /* LaunchScreen.storyboard in Resources */ = {isa = PBXBuildFile; fileRef = 4F8F465A1C8B6EB100AA0B21 /* LaunchScreen.storyboard */; };
		4F8F46641C8B6FF700AA0B21 /* swift userguide.pdf in Resources */ = {isa = PBXBuildFile; fileRef = 4F8F46631C8B6FF700AA0B21 /* swift userguide.pdf */; };
/* End PBXBuildFile section */

/* Begin PBXFileReference section */
		4F8F46491C8B6EB100AA0B21 /* PDF.app */ = {isa = PBXFileReference; explicitFileType = wrapper.application; includeInIndex = 0; path = PDF.app; sourceTree = BUILT_PRODUCTS_DIR; };
		4F8F464D1C8B6EB100AA0B21 /* main.m */ = {isa = PBXFileReference; lastKnownFileType = sourcecode.c.objc; path = main.m; sourceTree = "<group>"; };
		4F8F464F1C8B6EB100AA0B21 /* AppDelegate.h */ = {isa = PBXFileReference; lastKnownFileType = sourcecode.c.h; path = AppDelegate.h; sourceTree = "<group>"; };
		4F8F46501C8B6EB100AA0B21 /* AppDelegate.m */ = {isa = PBXFileReference; lastKnownFileType = sourcecode.c.objc; path = AppDelegate.m; sourceTree = "<group>"; };
		4F8F46521C8B6EB100AA0B21 /* ViewController.h */ = {isa = PBXFileReference; lastKnownFileType = sourcecode.c.h; path = ViewController.h; sourceTree = "<group>"; };
		4F8F46531C8B6EB100AA0B21 /* ViewController.m */ = {isa = PBXFileReference; lastKnownFileType = sourcecode.c.objc; path = ViewController.m; sourceTree = "<group>"; };
		4F8F46561C8B6EB100AA0B21 /* Base */ = {isa = PBXFileReference; lastKnownFileType = file.storyboard; name = Base; path = Base.lproj/Main.storyboard; sourceTree = "<group>"; };
		4F8F46581C8B6EB100AA0B21 /* Assets.xcassets */ = {isa = PBXFileReference; lastKnownFileType = folder.assetcatalog; path = Assets.xcassets; sourceTree = "<group>"; };
		4F8F465B1C8B6EB100AA0B21 /* Base */ = {isa = PBXFileReference; lastKnownFileType = file.storyboard; name = Base; path = Base.lproj/LaunchScreen.storyboard; sourceTree = "<group>"; };
		4F8F465D1C8B6EB100AA0B21 /* Info.plist */ = {isa = PBXFileReference; lastKnownFileType = text.plist.xml; path = Info.plist; sourceTree = "<group>"; };
		4F8F46631C8B6FF700AA0B21 /* swift userguide.pdf */ = {isa = PBXFileReference; lastKnownFileType = image.pdf; path = "swift userguide.pdf"; sourceTree = "<group>"; };
/* End PBXFileReference section */

/* Begin PBXFrameworksBuildPhase section */
		4F8F46461C8B6EB100AA0B21 /* Frameworks */ = {
			isa = PBXFrameworksBuildPhase;
			buildActionMask = 2147483647;
			files = (
			);
			runOnlyForDeploymentPostprocessing = 0;
		};
/* End PBXFrameworksBuildPhase section */

/* Begin PBXGroup section */
		4F8F46401C8B6EB100AA0B21 = {
			isa = PBXGroup;
			children = (
				4F8F464B1C8B6EB100AA0B21 /* PDF */,
				4F8F464A1C8B6EB100AA0B21 /* Products */,
			);
			sourceTree = "<group>";
		};
		4F8F464A1C8B6EB100AA0B21 /* Products */ = {
			isa = PBXGroup;
			children = (
				4F8F46491C8B6EB100AA0B21 /* PDF.app */,
			);
			name = Products;
			sourceTree = "<group>";
		};
		4F8F464B1C8B6EB100AA0B21 /* PDF */ = {
			isa = PBXGroup;
			children = (
				4F8F464F1C8B6EB100AA0B21 /* AppDelegate.h */,
				4F8F46501C8B6EB100AA0B21 /* AppDelegate.m */,
				4F8F46521C8B6EB100AA0B21 /* ViewController.h */,
				4F8F46531C8B6EB100AA0B21 /* ViewController.m */,
				4F8F46551C8B6EB100AA0B21 /* Main.storyboard */,
				4F8F46581C8B6EB100AA0B21 /* Assets.xcassets */,
				4F8F465A1C8B6EB100AA0B21 /* LaunchScreen.storyboard */,
				4F8F465D1C8B6EB100AA0B21 /* Info.plist */,
				4F8F464C1C8B6EB100AA0B21 /* Supporting Files */,
			);
			path = PDF;
			sourceTree = "<group>";
		};
		4F8F464C1C8B6EB100AA0B21 /* Supporting Files */ = {
			isa = PBXGroup;
			children = (
				4F8F46631C8B6FF700AA0B21 /* swift userguide.pdf */,
				4F8F464D1C8B6EB100AA0B21 /* main.m */,
			);
			name = "Supporting Files";
			sourceTree = "<group>";
		};
/* End PBXGroup section */

/* Begin PBXNativeTarget section */
		4F8F46481C8B6EB100AA0B21 /* PDF */ = {
			isa = PBXNativeTarget;
			buildConfigurationList = 4F8F46601C8B6EB100AA0B21 /* Build configuration list for PBXNativeTarget "PDF" */;
			buildPhases = (
				4F8F46451C8B6EB100AA0B21 /* Sources */,
				4F8F46461C8B6EB100AA0B21 /* Frameworks */,
				4F8F46471C8B6EB100AA0B21 /* Resources */,
			);
			buildRules = (
			);
			dependencies = (
			);
			name = PDF;
			productName = PDF;
			productReference = 4F8F46491C8B6EB100AA0B21 /* PDF.app */;
			productType = "com.apple.product-type.application";
		};
/* End PBXNativeTarget section */

/* Begin PBXProject section */
		4F8F46411C8B6EB100AA0B21 /* Project object */ = {
			isa = PBXProject;
			attributes = {
				LastUpgradeCheck = 0720;
				ORGANIZATIONNAME = "Nikolay Shubenkov";
				TargetAttributes = {
					4F8F46481C8B6EB100AA0B21 = {
						CreatedOnToolsVersion = 7.2.1;
					};
				};
			};
			buildConfigurationList = 4F8F46441C8B6EB100AA0B21 /* Build configuration list for PBXProject "PDF" */;
			compatibilityVersion = "Xcode 3.2";
			developmentRegion = English;
			hasScannedForEncodings = 0;
			knownRegions = (
				en,
				Base,
			);
			mainGroup = 4F8F46401C8B6EB100AA0B21;
			productRefGroup = 4F8F464A1C8B6EB100AA0B21 /* Products */;
			projectDirPath = "";
			projectRoot = "";
			targets = (
				4F8F46481C8B6EB100AA0B21 /* PDF */,
			);
		};
/* End PBXProject section */

/* Begin PBXResourcesBuildPhase section */
		4F8F46471C8B6EB100AA0B21 /* Resources */ = {
			isa = PBXResourcesBuildPhase;
			buildActionMask = 2147483647;
			files = (
				4F8F465C1C8B6EB100AA0B21 /* LaunchScreen.storyboard in Resources */,
				4F8F46641C8B6FF700AA0B21 /* swift userguide.pdf in Resources */,
				4F8F46591C8B6EB100AA0B21 /* Assets.xcassets in Resources */,
				4F8F46571C8B6EB100AA0B21 /* Main.storyboard in Resources */,
			);
			runOnlyForDeploymentPostprocessing = 0;
		};
/* End PBXResourcesBuildPhase section */

/* Begin PBXSourcesBuildPhase section */
		4F8F46451C8B6EB100AA0B21 /* Sources */ = {
			isa = PBXSourcesBuildPhase;
			buildActionMask = 2147483647;
			files = (
				4F8F46541C8B6EB100AA0B21 /* ViewController.m in Sources */,
				4F8F46511C8B6EB100AA0B21 /* AppDelegate.m in Sources */,
				4F8F464E1C8B6EB100AA0B21 /* main.m in Sources */,
			);
			runOnlyForDeploymentPostprocessing = 0;
		};
/* End PBXSourcesBuildPhase section */

/* Begin PBXVariantGroup section */
		4F8F46551C8B6EB100AA0B21 /* Main.storyboard */ = {
			isa = PBXVariantGroup;
			children = (
				4F8F46561C8B6EB100AA0B21 /* Base */,
			);
			name = Main.storyboard;
			sourceTree = "<group>";
		};
		4F8F465A1C8B6EB100AA0B21 /* LaunchScreen.storyboard */ = {
			isa = PBXVariantGroup;
			children = (
				4F8F465B1C8B6EB100AA0B21 /* Base */,
			);
			name = LaunchScreen.storyboard;
			sourceTree = "<group>";
		};
/* End PBXVariantGroup section */

/* Begin XCBuildConfiguration section */
		4F8F465E1C8B6EB100AA0B21 /* Debug */ = {
			isa = XCBuildConfiguration;
			buildSettings = {
				ALWAYS_SEARCH_USER_PATHS = NO;
				CLANG_CXX_LANGUAGE_STANDARD = "gnu++0x";
				CLANG_CXX_LIBRARY = "libc++";
				CLANG_ENABLE_MODULES = YES;
				CLANG_ENABLE_OBJC_ARC = YES;
				CLANG_WARN_BOOL_CONVERSION = YES;
				CLANG_WARN_CONSTANT_CONVERSION = YES;
				CLANG_WARN_DIRECT_OBJC_ISA_USAGE = YES_ERROR;
				CLANG_WARN_EMPTY_BODY = YES;
				CLANG_WARN_ENUM_CONVERSION = YES;
				CLANG_WARN_INT_CONVERSION = YES;
				CLANG_WARN_OBJC_ROOT_CLASS = YES_ERROR;
				CLANG_WARN_UNREACHABLE_CODE = YES;
				CLANG_WARN__DUPLICATE_METHOD_MATCH = YES;
				"CODE_SIGN_IDENTITY[sdk=iphoneos*]" = "iPhone Developer";
				COPY_PHASE_STRIP = NO;
				DEBUG_INFORMATION_FORMAT = dwarf;
				ENABLE_STRICT_OBJC_MSGSEND = YES;
				ENABLE_TESTABILITY = YES;
				GCC_C_LANGUAGE_STANDARD = gnu99;
				GCC_DYNAMIC_NO_PIC = NO;
				GCC_NO_COMMON_BLOCKS = YES;
				GCC_OPTIMIZATION_LEVEL = 0;
				GCC_PREPROCESSOR_DEFINITIONS = (
					"DEBUG=1",
					"$(inherited)",
				);
				GCC_WARN_64_TO_32_BIT_CONVERSION = YES;
				GCC_WARN_ABOUT_RETURN_TYPE = YES_ERROR;
				GCC_WARN_UNDECLARED_SELECTOR = YES;
				GCC_WARN_UNINITIALIZED_AUTOS = YES_AGGRESSIVE;
				GCC_WARN_UNUSED_FUNCTION = YES;
				GCC_WARN_UNUSED_VARIABLE = YES;
				IPHONEOS_DEPLOYMENT_TARGET = 9.2;
				MTL_ENABLE_DEBUG_INFO = YES;
				ONLY_ACTIVE_ARCH = YES;
				SDKROOT = iphoneos;
				TARGETED_DEVICE_FAMILY = "1,2";
			};
			name = Debug;
		};
		4F8F465F1C8B6EB100AA0B21 /* Release */ = {
			isa = XCBuildConfiguration;
			buildSettings = {
				ALWAYS_SEARCH_USER_PATHS = NO;
				CLANG_CXX_LANGUAGE_STANDARD = "gnu++0x";
				CLANG_CXX_LIBRARY = "libc++";
				CLANG_ENABLE_MODULES = YES;
				CLANG_ENABLE_OBJC_ARC = YES;
				CLANG_WARN_BOOL_CONVERSION = YES;
				CLANG_WARN_CONSTANT_CONVERSION = YES;
				CLANG_WARN_DIRECT_OBJC_ISA_USAGE = YES_ERROR;
				CLANG_WARN_EMPTY_BODY = YES;
				CLANG_WARN_ENUM_CONVERSION = YES;
				CLANG_WARN_INT_CONVERSION = YES;
				CLANG_WARN_OBJC_ROOT_CLASS = YES_ERROR;
				CLANG_WARN_UNREACHABLE_CODE = YES;
				CLANG_WARN__DUPLICATE_METHOD_MATCH = YES;
				"CODE_SIGN_IDENTITY[sdk=iphoneos*]" = "iPhone Developer";
				COPY_PHASE_STRIP = NO;
				DEBUG_INFORMATION_FORMAT = "dwarf-with-dsym";
				ENABLE_NS_ASSERTIONS = NO;
				ENABLE_STRICT_OBJC_MSGSEND = YES;
				GCC_C_LANGUAGE_STANDARD = gnu99;
				GCC_NO_COMMON_BLOCKS = YES;
				GCC_WARN_64_TO_32_BIT_CONVERSION = YES;
				GCC_WARN_ABOUT_RETURN_TYPE = YES_ERROR;
				GCC_WARN_UNDECLARED_SELECTOR = YES;
				GCC_WARN_UNINITIALIZED_AUTOS = YES_AGGRESSIVE;
				GCC_WARN_UNUSED_FUNCTION = YES;
				GCC_WARN_UNUSED_VARIABLE = YES;
				IPHONEOS_DEPLOYMENT_TARGET = 9.2;
				MTL_ENABLE_DEBUG_INFO = NO;
				SDKROOT = iphoneos;
				TARGETED_DEVICE_FAMILY = "1,2";
				VALIDATE_PRODUCT = YES;
			};
			name = Release;
		};
		4F8F46611C8B6EB100AA0B21 /* Debug */ = {
			isa = XCBuildConfiguration;
			buildSettings = {
				ASSETCATALOG_COMPILER_APPICON_NAME = AppIcon;
				INFOPLIST_FILE = PDF/Info.plist;
				LD_RUNPATH_SEARCH_PATHS = "$(inherited) @executable_path/Frameworks";
				PRODUCT_BUNDLE_IDENTIFIER = com.ias.PDF;
				PRODUCT_NAME = "$(TARGET_NAME)";
			};
			name = Debug;
		};
		4F8F46621C8B6EB100AA0B21 /* Release */ = {
			isa = XCBuildConfiguration;
			buildSettings = {
				ASSETCATALOG_COMPILER_APPICON_NAME = AppIcon;
				INFOPLIST_FILE = PDF/Info.plist;
				LD_RUNPATH_SEARCH_PATHS = "$(inherited) @executable_path/Frameworks";
				PRODUCT_BUNDLE_IDENTIFIER = com.ias.PDF;
				PRODUCT_NAME = "$(TARGET_NAME)";
			};
			name = Release;
		};
/* End XCBuildConfiguration section */

/* Begin XCConfigurationList section */
		4F8F46441C8B6EB100AA0B21 /* Build configuration list for PBXProject "PDF" */ = {
			isa = XCConfigurationList;
			buildConfigurations = (
				4F8F465E1C8B6EB100AA0B21 /* Debug */,
				4F8F465F1C8B6EB100AA0B21 /* Release */,
			);
			defaultConfigurationIsVisible = 0;
			defaultConfigurationName = Release;
		};
		4F8F46601C8B6EB100AA0B21 /* Build configuration list for PBXNativeTarget "PDF" */ = {
			isa = XCConfigurationList;
			buildConfigurations = (
				4F8F46611C8B6EB100AA0B21 /* Debug */,
				4F8F46621C8B6EB100AA0B21 /* Release */,
			);
			defaultConfigurationIsVisible = 0;
		};
/* End XCConfigurationList section */
	};
	rootObject = 4F8F46411C8B6EB100AA0B21 /* Project object */;
}
